
Microsoft Visual Studio Solution File, Format Version 12.00
# Visual Studio 15
VisualStudioVersion = 15.0.28307.572
MinimumVisualStudioVersion = 10.0.40219.1
Project("{FAE04EC0-301F-11D3-BF4B-00C04F79EFBC}") = "LicensePlateRecognition", "LicensePlateRecognition\LicensePlateRecognition.csproj", "{35A7F4F0-9AD8-4635-B647-569ED37DAB64}"
EndProject
Project("{54435603-DBB4-11D2-8724-00A0C9A8B90C}") = "LicensePlateRecognitionSetup", "LicensePlateRecognitionSetup\LicensePlateRecognitionSetup.vdproj", "{BF3DF254-13E1-49DB-8A18-97F7A820C30C}"
EndProject
Global
	GlobalSection(SolutionConfigurationPlatforms) = preSolution
		Debug|Any CPU = Debug|Any CPU
		Release|Any CPU = Release|Any CPU
	EndGlobalSection
	GlobalSection(ProjectConfigurationPlatforms) = postSolution
		{35A7F4F0-9AD8-4635-B647-569ED37DAB64}.Debug|Any CPU.ActiveCfg = Debug|Any CPU
		{35A7F4F0-9AD8-4635-B647-569ED37DAB64}.Debug|Any CPU.Build.0 = Debug|Any CPU
		{35A7F4F0-9AD8-4635-B647-569ED37DAB64}.Release|Any CPU.ActiveCfg = Release|Any CPU
		{35A7F4F0-9AD8-4635-B647-569ED37DAB64}.Release|Any CPU.Build.0 = Release|Any CPU
		{BF3DF254-13E1-49DB-8A18-97F7A820C30C}.Debug|Any CPU.ActiveCfg = Debug
		{BF3DF254-13E1-49DB-8A18-97F7A820C30C}.Release|Any CPU.ActiveCfg = Release
	EndGlobalSection
	GlobalSection(SolutionProperties) = preSolution
		HideSolutionNode = FALSE
	EndGlobalSection
	GlobalSection(ExtensibilityGlobals) = postSolution
		SolutionGuid = {93DDD5E2-9163-47E8-8267-86351F2B1545}
	EndGlobalSection
EndGlobal
